{
  "originHash" : "7b9c40363719ecbd5529d5f10993fdc8e7f51c2d37d123f7d6a43b7e41214320",
  "pins" : [
    {
      "identity" : "aspectanalyzer",
      "kind" : "remoteSourceControl",
      "location" : "https://github.com/1amageek/AspectAnalyzer.git",
      "state" : {
        "branch" : "main",
        "revision" : "70d6c05989a6cd7f7770b1e55882c4b49548796f"
      }
    },
    {
      "identity" : "ollamakit",
      "kind" : "remoteSourceControl",
      "location" : "https://github.com/1amageek/OllamaKit.git",
      "state" : {
        "branch" : "main",
        "revision" : "183be24fd630f4ec54038b783cad70a8638873fc"
      }
    },
    {
      "identity" : "remark",
      "kind" : "remoteSourceControl",
      "location" : "https://github.com/1amageek/Remark.git",
      "state" : {
        "branch" : "main",
        "revision" : "ee33e6dbf978fcc63581431ea840edfb2ce629b4"
      }
    },
    {
      "identity" : "swift-log",
      "kind" : "remoteSourceControl",
      "location" : "https://github.com/apple/swift-log.git",
      "state" : {
        "branch" : "main",
        "revision" : "9576fd5710775d51caaf733e0f71f155c2f58c97"
      }
    },
    {
      "identity" : "swiftretry",
      "kind" : "remoteSourceControl",
      "location" : "https://github.com/1amageek/SwiftRetry.git",
      "state" : {
        "branch" : "main",
        "revision" : "c816b20c168e2cf646caa35a4aa899c8613b3c1f"
      }
    },
    {
      "identity" : "swiftsoup",
      "kind" : "remoteSourceControl",
      "location" : "https://github.com/scinfu/SwiftSoup.git",
      "state" : {
        "branch" : "master",
        "revision" : "cce8a91bbaaae4e9ee2fcc9505e2b0f0f29dab80"
      }
    }
  ],
  "version" : 3
}
